
Microsoft Visual Studio Solution File, Format Version 12.00
# Visual Studio Version 17
VisualStudioVersion = 17.5.33516.290
MinimumVisualStudioVersion = 10.0.40219.1
Project("{8BC9CEB8-8B4A-11D0-8D11-00A0C91BC942}") = "ComputeShader", "ComputeShader.vcxproj", "{393D2A1E-3FFC-406E-B832-2E6A2704BDA8}"
EndProject
Global
	GlobalSection(SolutionConfigurationPlatforms) = preSolution
		Debug|x64 = Debug|x64
		Debug|x86 = Debug|x86
		Release|x64 = Release|x64
		Release|x86 = Release|x86
	EndGlobalSection
	GlobalSection(ProjectConfigurationPlatforms) = postSolution
		{393D2A1E-3FFC-406E-B832-2E6A2704BDA8}.Debug|x64.ActiveCfg = Debug|x64
		{393D2A1E-3FFC-406E-B832-2E6A2704BDA8}.Debug|x64.Build.0 = Debug|x64
		{393D2A1E-3FFC-406E-B832-2E6A2704BDA8}.Debug|x86.ActiveCfg = Debug|Win32
		{393D2A1E-3FFC-406E-B832-2E6A2704BDA8}.Debug|x86.Build.0 = Debug|Win32
		{393D2A1E-3FFC-406E-B832-2E6A2704BDA8}.Release|x64.ActiveCfg = Release|x64
		{393D2A1E-3FFC-406E-B832-2E6A2704BDA8}.Release|x64.Build.0 = Release|x64
		{393D2A1E-3FFC-406E-B832-2E6A2704BDA8}.Release|x86.ActiveCfg = Release|Win32
		{393D2A1E-3FFC-406E-B832-2E6A2704BDA8}.Release|x86.Build.0 = Release|Win32
	EndGlobalSection
	GlobalSection(SolutionProperties) = preSolution
		HideSolutionNode = FALSE
	EndGlobalSection
	GlobalSection(ExtensibilityGlobals) = postSolution
		SolutionGuid = {55BE7C58-907F-461B-83F6-364870312FC6}
	EndGlobalSection
EndGlobal
